
Microsoft Visual Studio Solution File, Format Version 12.00
# Visual Studio Version 17
VisualStudioVersion = 17.14.36623.8 d17.14
MinimumVisualStudioVersion = 10.0.40219.1
Project("{FAE04EC0-301F-11D3-BF4B-00C04F79EFBC}") = "SurveyBasket.Api", "SurveyBasket.Api\SurveyBasket.Api.csproj", "{75FC4165-FB14-484E-B48C-3C420EA3AC01}"
EndProject
Global
	GlobalSection(SolutionConfigurationPlatforms) = preSolution
		Debug|Any CPU = Debug|Any CPU
		Release|Any CPU = Release|Any CPU
	EndGlobalSection
	GlobalSection(ProjectConfigurationPlatforms) = postSolution
		{75FC4165-FB14-484E-B48C-3C420EA3AC01}.Debug|Any CPU.ActiveCfg = Debug|Any CPU
		{75FC4165-FB14-484E-B48C-3C420EA3AC01}.Debug|Any CPU.Build.0 = Debug|Any CPU
		{75FC4165-FB14-484E-B48C-3C420EA3AC01}.Release|Any CPU.ActiveCfg = Release|Any CPU
		{75FC4165-FB14-484E-B48C-3C420EA3AC01}.Release|Any CPU.Build.0 = Release|Any CPU
	EndGlobalSection
	GlobalSection(SolutionProperties) = preSolution
		HideSolutionNode = FALSE
	EndGlobalSection
	GlobalSection(ExtensibilityGlobals) = postSolution
		SolutionGuid = {BC861295-2B52-4EE3-BB18-34706DE6B722}
	EndGlobalSection
EndGlobal
